
Microsoft Visual Studio Solution File, Format Version 12.00
# Visual Studio Version 16
VisualStudioVersion = 16.0.31205.134
MinimumVisualStudioVersion = 10.0.40219.1
Project("{FAE04EC0-301F-11D3-BF4B-00C04F79EFBC}") = "BlazorWasmBarcodeScanZxingNet.Server", "Server\BlazorWasmBarcodeScanZxingNet.Server.csproj", "{8AAE905F-29EB-490B-A6F1-1C3F9505DD72}"
EndProject
Project("{FAE04EC0-301F-11D3-BF4B-00C04F79EFBC}") = "BlazorWasmBarcodeScanZxingNet.Client", "Client\BlazorWasmBarcodeScanZxingNet.Client.csproj", "{C719A68C-5DA8-49E7-98F1-1E060936BC39}"
EndProject
Project("{FAE04EC0-301F-11D3-BF4B-00C04F79EFBC}") = "BlazorWasmBarcodeScanZxingNet.Shared", "Shared\BlazorWasmBarcodeScanZxingNet.Shared.csproj", "{DB2AB19F-79E2-491D-BBD4-E3BB642D521A}"
EndProject
Global
	GlobalSection(SolutionConfigurationPlatforms) = preSolution
		Debug|Any CPU = Debug|Any CPU
		Release|Any CPU = Release|Any CPU
	EndGlobalSection
	GlobalSection(ProjectConfigurationPlatforms) = postSolution
		{8AAE905F-29EB-490B-A6F1-1C3F9505DD72}.Debug|Any CPU.ActiveCfg = Debug|Any CPU
		{8AAE905F-29EB-490B-A6F1-1C3F9505DD72}.Debug|Any CPU.Build.0 = Debug|Any CPU
		{8AAE905F-29EB-490B-A6F1-1C3F9505DD72}.Release|Any CPU.ActiveCfg = Release|Any CPU
		{8AAE905F-29EB-490B-A6F1-1C3F9505DD72}.Release|Any CPU.Build.0 = Release|Any CPU
		{C719A68C-5DA8-49E7-98F1-1E060936BC39}.Debug|Any CPU.ActiveCfg = Debug|Any CPU
		{C719A68C-5DA8-49E7-98F1-1E060936BC39}.Debug|Any CPU.Build.0 = Debug|Any CPU
		{C719A68C-5DA8-49E7-98F1-1E060936BC39}.Release|Any CPU.ActiveCfg = Release|Any CPU
		{C719A68C-5DA8-49E7-98F1-1E060936BC39}.Release|Any CPU.Build.0 = Release|Any CPU
		{DB2AB19F-79E2-491D-BBD4-E3BB642D521A}.Debug|Any CPU.ActiveCfg = Debug|Any CPU
		{DB2AB19F-79E2-491D-BBD4-E3BB642D521A}.Debug|Any CPU.Build.0 = Debug|Any CPU
		{DB2AB19F-79E2-491D-BBD4-E3BB642D521A}.Release|Any CPU.ActiveCfg = Release|Any CPU
		{DB2AB19F-79E2-491D-BBD4-E3BB642D521A}.Release|Any CPU.Build.0 = Release|Any CPU
	EndGlobalSection
	GlobalSection(SolutionProperties) = preSolution
		HideSolutionNode = FALSE
	EndGlobalSection
	GlobalSection(ExtensibilityGlobals) = postSolution
		SolutionGuid = {32A981BB-6EAF-4F2E-82EC-9FC7B300116C}
	EndGlobalSection
EndGlobal
